// !$*UTF8*$!
{
	archiveVersion = 1;
	classes = {
	};
	objectVersion = 77;
	objects = {

/* Begin PBXBuildFile section */
		ACBF71202DEA3F2E00B049CA /* Utils.swift in Sources */ = {isa = PBXBuildFile; fileRef = ACBF711F2DEA3F2E00B049CA /* Utils.swift */; };
/* End PBXBuildFile section */

/* Begin PBXContainerItemProxy section */
		AC2E7CB72DDBEDE2007F371C /* PBXContainerItemProxy */ = {
			isa = PBXContainerItemProxy;
			containerPortal = AC2E7CA12DDBEDE1007F371C /* Project object */;
			proxyType = 1;
			remoteGlobalIDString = AC2E7CA82DDBEDE1007F371C;
			remoteInfo = "mvonbehr-final-project";
		};
		AC2E7CC12DDBEDE2007F371C /* PBXContainerItemProxy */ = {
			isa = PBXContainerItemProxy;
			containerPortal = AC2E7CA12DDBEDE1007F371C /* Project object */;
			proxyType = 1;
			remoteGlobalIDString = AC2E7CA82DDBEDE1007F371C;
			remoteInfo = "mvonbehr-final-project";
		};
/* End PBXContainerItemProxy section */

/* Begin PBXFileReference section */
		AC2E7CA92DDBEDE1007F371C /* mvonbehr-final-project.app */ = {isa = PBXFileReference; explicitFileType = wrapper.application; includeInIndex = 0; path = "mvonbehr-final-project.app"; sourceTree = BUILT_PRODUCTS_DIR; };
		AC2E7CB62DDBEDE2007F371C /* mvonbehr-final-projectTests.xctest */ = {isa = PBXFileReference; explicitFileType = wrapper.cfbundle; includeInIndex = 0; path = "mvonbehr-final-projectTests.xctest"; sourceTree = BUILT_PRODUCTS_DIR; };
		AC2E7CC02DDBEDE2007F371C /* mvonbehr-final-projectUITests.xctest */ = {isa = PBXFileReference; explicitFileType = wrapper.cfbundle; includeInIndex = 0; path = "mvonbehr-final-projectUITests.xctest"; sourceTree = BUILT_PRODUCTS_DIR; };
		ACBF711F2DEA3F2E00B049CA /* Utils.swift */ = {isa = PBXFileReference; lastKnownFileType = sourcecode.swift; path = Utils.swift; sourceTree = "<group>"; };
/* End PBXFileReference section */

/* Begin PBXFileSystemSynchronizedRootGroup section */
		AC2E7CAB2DDBEDE1007F371C /* mvonbehr-final-project */ = {
			isa = PBXFileSystemSynchronizedRootGroup;
			path = "mvonbehr-final-project";
			sourceTree = "<group>";
		};
		AC2E7CB92DDBEDE2007F371C /* mvonbehr-final-projectTests */ = {
			isa = PBXFileSystemSynchronizedRootGroup;
			path = "mvonbehr-final-projectTests";
			sourceTree = "<group>";
		};
		AC2E7CC32DDBEDE2007F371C /* mvonbehr-final-projectUITests */ = {
			isa = PBXFileSystemSynchronizedRootGroup;
			path = "mvonbehr-final-projectUITests";
			sourceTree = "<group>";
		};
/* End PBXFileSystemSynchronizedRootGroup section */

/* Begin PBXFrameworksBuildPhase section */
		AC2E7CA62DDBEDE1007F371C /* Frameworks */ = {
			isa = PBXFrameworksBuildPhase;
			buildActionMask = 2147483647;
			files = (
			);
			runOnlyForDeploymentPostprocessing = 0;
		};
		AC2E7CB32DDBEDE2007F371C /* Frameworks */ = {
			isa = PBXFrameworksBuildPhase;
			buildActionMask = 2147483647;
			files = (
			);
			runOnlyForDeploymentPostprocessing = 0;
		};
		AC2E7CBD2DDBEDE2007F371C /* Frameworks */ = {
			isa = PBXFrameworksBuildPhase;
			buildActionMask = 2147483647;
			files = (
			);
			runOnlyForDeploymentPostprocessing = 0;
		};
/* End PBXFrameworksBuildPhase section */

/* Begin PBXGroup section */
		AC2E7CA02DDBEDE1007F371C = {
			isa = PBXGroup;
			children = (
				ACBF711F2DEA3F2E00B049CA /* Utils.swift */,
				AC2E7CAB2DDBEDE1007F371C /* mvonbehr-final-project */,
				AC2E7CB92DDBEDE2007F371C /* mvonbehr-final-projectTests */,
				AC2E7CC32DDBEDE2007F371C /* mvonbehr-final-projectUITests */,
				AC2E7CAA2DDBEDE1007F371C /* Products */,
			);
			sourceTree = "<group>";
		};
		AC2E7CAA2DDBEDE1007F371C /* Products */ = {
			isa = PBXGroup;
			children = (
				AC2E7CA92DDBEDE1007F371C /* mvonbehr-final-project.app */,
				AC2E7CB62DDBEDE2007F371C /* mvonbehr-final-projectTests.xctest */,
				AC2E7CC02DDBEDE2007F371C /* mvonbehr-final-projectUITests.xctest */,
			);
			name = Products;
			sourceTree = "<group>";
		};
/* End PBXGroup section */

/* Begin PBXNativeTarget section */
		AC2E7CA82DDBEDE1007F371C /* mvonbehr-final-project */ = {
			isa = PBXNativeTarget;
			buildConfigurationList = AC2E7CCA2DDBEDE2007F371C /* Build configuration list for PBXNativeTarget "mvonbehr-final-project" */;
			buildPhases = (
				AC2E7CA52DDBEDE1007F371C /* Sources */,
				AC2E7CA62DDBEDE1007F371C /* Frameworks */,
				AC2E7CA72DDBEDE1007F371C /* Resources */,
			);
			buildRules = (
			);
			dependencies = (
			);
			fileSystemSynchronizedGroups = (
				AC2E7CAB2DDBEDE1007F371C /* mvonbehr-final-project */,
			);
			name = "mvonbehr-final-project";
			packageProductDependencies = (
			);
			productName = "mvonbehr-final-project";
			productReference = AC2E7CA92DDBEDE1007F371C /* mvonbehr-final-project.app */;
			productType = "com.apple.product-type.application";
		};
		AC2E7CB52DDBEDE2007F371C /* mvonbehr-final-projectTests */ = {
			isa = PBXNativeTarget;
			buildConfigurationList = AC2E7CCD2DDBEDE2007F371C /* Build configuration list for PBXNativeTarget "mvonbehr-final-projectTests" */;
			buildPhases = (
				AC2E7CB22DDBEDE2007F371C /* Sources */,
				AC2E7CB32DDBEDE2007F371C /* Frameworks */,
				AC2E7CB42DDBEDE2007F371C /* Resources */,
			);
			buildRules = (
			);
			dependencies = (
				AC2E7CB82DDBEDE2007F371C /* PBXTargetDependency */,
			);
			fileSystemSynchronizedGroups = (
				AC2E7CB92DDBEDE2007F371C /* mvonbehr-final-projectTests */,
			);
			name = "mvonbehr-final-projectTests";
			packageProductDependencies = (
			);
			productName = "mvonbehr-final-projectTests";
			productReference = AC2E7CB62DDBEDE2007F371C /* mvonbehr-final-projectTests.xctest */;
			productType = "com.apple.product-type.bundle.unit-test";
		};
		AC2E7CBF2DDBEDE2007F371C /* mvonbehr-final-projectUITests */ = {
			isa = PBXNativeTarget;
			buildConfigurationList = AC2E7CD02DDBEDE2007F371C /* Build configuration list for PBXNativeTarget "mvonbehr-final-projectUITests" */;
			buildPhases = (
				AC2E7CBC2DDBEDE2007F371C /* Sources */,
				AC2E7CBD2DDBEDE2007F371C /* Frameworks */,
				AC2E7CBE2DDBEDE2007F371C /* Resources */,
			);
			buildRules = (
			);
			dependencies = (
				AC2E7CC22DDBEDE2007F371C /* PBXTargetDependency */,
			);
			fileSystemSynchronizedGroups = (
				AC2E7CC32DDBEDE2007F371C /* mvonbehr-final-projectUITests */,
			);
			name = "mvonbehr-final-projectUITests";
			packageProductDependencies = (
			);
			productName = "mvonbehr-final-projectUITests";
			productReference = AC2E7CC02DDBEDE2007F371C /* mvonbehr-final-projectUITests.xctest */;
			productType = "com.apple.product-type.bundle.ui-testing";
		};
/* End PBXNativeTarget section */

/* Begin PBXProject section */
		AC2E7CA12DDBEDE1007F371C /* Project object */ = {
			isa = PBXProject;
			attributes = {
				BuildIndependentTargetsInParallel = 1;
				LastSwiftUpdateCheck = 1630;
				LastUpgradeCheck = 1630;
				TargetAttributes = {
					AC2E7CA82DDBEDE1007F371C = {
						CreatedOnToolsVersion = 16.3;
					};
					AC2E7CB52DDBEDE2007F371C = {
						CreatedOnToolsVersion = 16.3;
						TestTargetID = AC2E7CA82DDBEDE1007F371C;
					};
					AC2E7CBF2DDBEDE2007F371C = {
						CreatedOnToolsVersion = 16.3;
						TestTargetID = AC2E7CA82DDBEDE1007F371C;
					};
				};
			};
			buildConfigurationList = AC2E7CA42DDBEDE1007F371C /* Build configuration list for PBXProject "mvonbehr-final-project" */;
			developmentRegion = en;
			hasScannedForEncodings = 0;
			knownRegions = (
				en,
				Base,
			);
			mainGroup = AC2E7CA02DDBEDE1007F371C;
			minimizedProjectReferenceProxies = 1;
			preferredProjectObjectVersion = 77;
			productRefGroup = AC2E7CAA2DDBEDE1007F371C /* Products */;
			projectDirPath = "";
			projectRoot = "";
			targets = (
				AC2E7CA82DDBEDE1007F371C /* mvonbehr-final-project */,
				AC2E7CB52DDBEDE2007F371C /* mvonbehr-final-projectTests */,
				AC2E7CBF2DDBEDE2007F371C /* mvonbehr-final-projectUITests */,
			);
		};
/* End PBXProject section */

/* Begin PBXResourcesBuildPhase section */
		AC2E7CA72DDBEDE1007F371C /* Resources */ = {
			isa = PBXResourcesBuildPhase;
			buildActionMask = 2147483647;
			files = (
			);
			runOnlyForDeploymentPostprocessing = 0;
		};
		AC2E7CB42DDBEDE2007F371C /* Resources */ = {
			isa = PBXResourcesBuildPhase;
			buildActionMask = 2147483647;
			files = (
			);
			runOnlyForDeploymentPostprocessing = 0;
		};
		AC2E7CBE2DDBEDE2007F371C /* Resources */ = {
			isa = PBXResourcesBuildPhase;
			buildActionMask = 2147483647;
			files = (
			);
			runOnlyForDeploymentPostprocessing = 0;
		};
/* End PBXResourcesBuildPhase section */

/* Begin PBXSourcesBuildPhase section */
		AC2E7CA52DDBEDE1007F371C /* Sources */ = {
			isa = PBXSourcesBuildPhase;
			buildActionMask = 2147483647;
			files = (
				ACBF71202DEA3F2E00B049CA /* Utils.swift in Sources */,
			);
			runOnlyForDeploymentPostprocessing = 0;
		};
		AC2E7CB22DDBEDE2007F371C /* Sources */ = {
			isa = PBXSourcesBuildPhase;
			buildActionMask = 2147483647;
			files = (
			);
			runOnlyForDeploymentPostprocessing = 0;
		};
		AC2E7CBC2DDBEDE2007F371C /* Sources */ = {
			isa = PBXSourcesBuildPhase;
			buildActionMask = 2147483647;
			files = (
			);
			runOnlyForDeploymentPostprocessing = 0;
		};
/* End PBXSourcesBuildPhase section */

/* Begin PBXTargetDependency section */
		AC2E7CB82DDBEDE2007F371C /* PBXTargetDependency */ = {
			isa = PBXTargetDependency;
			target = AC2E7CA82DDBEDE1007F371C /* mvonbehr-final-project */;
			targetProxy = AC2E7CB72DDBEDE2007F371C /* PBXContainerItemProxy */;
		};
		AC2E7CC22DDBEDE2007F371C /* PBXTargetDependency */ = {
			isa = PBXTargetDependency;
			target = AC2E7CA82DDBEDE1007F371C /* mvonbehr-final-project */;
			targetProxy = AC2E7CC12DDBEDE2007F371C /* PBXContainerItemProxy */;
		};
/* End PBXTargetDependency section */

/* Begin XCBuildConfiguration section */
		AC2E7CC82DDBEDE2007F371C /* Debug */ = {
			isa = XCBuildConfiguration;
			buildSettings = {
				ALWAYS_SEARCH_USER_PATHS = NO;
				ASSETCATALOG_COMPILER_GENERATE_SWIFT_ASSET_SYMBOL_EXTENSIONS = YES;
				CLANG_ANALYZER_NONNULL = YES;
				CLANG_ANALYZER_NUMBER_OBJECT_CONVERSION = YES_AGGRESSIVE;
				CLANG_CXX_LANGUAGE_STANDARD = "gnu++20";
				CLANG_ENABLE_MODULES = YES;
				CLANG_ENABLE_OBJC_ARC = YES;
				CLANG_ENABLE_OBJC_WEAK = YES;
				CLANG_WARN_BLOCK_CAPTURE_AUTORELEASING = YES;
				CLANG_WARN_BOOL_CONVERSION = YES;
				CLANG_WARN_COMMA = YES;
				CLANG_WARN_CONSTANT_CONVERSION = YES;
				CLANG_WARN_DEPRECATED_OBJC_IMPLEMENTATIONS = YES;
				CLANG_WARN_DIRECT_OBJC_ISA_USAGE = YES_ERROR;
				CLANG_WARN_DOCUMENTATION_COMMENTS = YES;
				CLANG_WARN_EMPTY_BODY = YES;
				CLANG_WARN_ENUM_CONVERSION = YES;
				CLANG_WARN_INFINITE_RECURSION = YES;
				CLANG_WARN_INT_CONVERSION = YES;
				CLANG_WARN_NON_LITERAL_NULL_CONVERSION = YES;
				CLANG_WARN_OBJC_IMPLICIT_RETAIN_SELF = YES;
				CLANG_WARN_OBJC_LITERAL_CONVERSION = YES;
				CLANG_WARN_OBJC_ROOT_CLASS = YES_ERROR;
				CLANG_WARN_QUOTED_INCLUDE_IN_FRAMEWORK_HEADER = YES;
				CLANG_WARN_RANGE_LOOP_ANALYSIS = YES;
				CLANG_WARN_STRICT_PROTOTYPES = YES;
				CLANG_WARN_SUSPICIOUS_MOVE = YES;
				CLANG_WARN_UNGUARDED_AVAILABILITY = YES_AGGRESSIVE;
				CLANG_WARN_UNREACHABLE_CODE = YES;
				CLANG_WARN__DUPLICATE_METHOD_MATCH = YES;
				COPY_PHASE_STRIP = NO;
				DEBUG_INFORMATION_FORMAT = dwarf;
				DEVELOPMENT_TEAM = 6LYUN3ZU6G;
				ENABLE_STRICT_OBJC_MSGSEND = YES;
				ENABLE_TESTABILITY = YES;
				ENABLE_USER_SCRIPT_SANDBOXING = YES;
				GCC_C_LANGUAGE_STANDARD = gnu17;
				GCC_DYNAMIC_NO_PIC = NO;
				GCC_NO_COMMON_BLOCKS = YES;
				GCC_OPTIMIZATION_LEVEL = 0;
				GCC_PREPROCESSOR_DEFINITIONS = (
					"DEBUG=1",
					"$(inherited)",
				);
				GCC_WARN_64_TO_32_BIT_CONVERSION = YES;
				GCC_WARN_ABOUT_RETURN_TYPE = YES_ERROR;
				GCC_WARN_UNDECLARED_SELECTOR = YES;
				GCC_WARN_UNINITIALIZED_AUTOS = YES_AGGRESSIVE;
				GCC_WARN_UNUSED_FUNCTION = YES;
				GCC_WARN_UNUSED_VARIABLE = YES;
				IPHONEOS_DEPLOYMENT_TARGET = 18.4;
				LOCALIZATION_PREFERS_STRING_CATALOGS = YES;
				MTL_ENABLE_DEBUG_INFO = INCLUDE_SOURCE;
				MTL_FAST_MATH = YES;
				ONLY_ACTIVE_ARCH = YES;
				SDKROOT = iphoneos;
				SWIFT_ACTIVE_COMPILATION_CONDITIONS = "DEBUG $(inherited)";
				SWIFT_OPTIMIZATION_LEVEL = "-Onone";
			};
			name = Debug;
		};
		AC2E7CC92DDBEDE2007F371C /* Release */ = {
			isa = XCBuildConfiguration;
			buildSettings = {
				ALWAYS_SEARCH_USER_PATHS = NO;
				ASSETCATALOG_COMPILER_GENERATE_SWIFT_ASSET_SYMBOL_EXTENSIONS = YES;
				CLANG_ANALYZER_NONNULL = YES;
				CLANG_ANALYZER_NUMBER_OBJECT_CONVERSION = YES_AGGRESSIVE;
				CLANG_CXX_LANGUAGE_STANDARD = "gnu++20";
				CLANG_ENABLE_MODULES = YES;
				CLANG_ENABLE_OBJC_ARC = YES;
				CLANG_ENABLE_OBJC_WEAK = YES;
				CLANG_WARN_BLOCK_CAPTURE_AUTORELEASING = YES;
				CLANG_WARN_BOOL_CONVERSION = YES;
				CLANG_WARN_COMMA = YES;
				CLANG_WARN_CONSTANT_CONVERSION = YES;
				CLANG_WARN_DEPRECATED_OBJC_IMPLEMENTATIONS = YES;
				CLANG_WARN_DIRECT_OBJC_ISA_USAGE = YES_ERROR;
				CLANG_WARN_DOCUMENTATION_COMMENTS = YES;
				CLANG_WARN_EMPTY_BODY = YES;
				CLANG_WARN_ENUM_CONVERSION = YES;
				CLANG_WARN_INFINITE_RECURSION = YES;
				CLANG_WARN_INT_CONVERSION = YES;
				CLANG_WARN_NON_LITERAL_NULL_CONVERSION = YES;
				CLANG_WARN_OBJC_IMPLICIT_RETAIN_SELF = YES;
				CLANG_WARN_OBJC_LITERAL_CONVERSION = YES;
				CLANG_WARN_OBJC_ROOT_CLASS = YES_ERROR;
				CLANG_WARN_QUOTED_INCLUDE_IN_FRAMEWORK_HEADER = YES;
				CLANG_WARN_RANGE_LOOP_ANALYSIS = YES;
				CLANG_WARN_STRICT_PROTOTYPES = YES;
				CLANG_WARN_SUSPICIOUS_MOVE = YES;
				CLANG_WARN_UNGUARDED_AVAILABILITY = YES_AGGRESSIVE;
				CLANG_WARN_UNREACHABLE_CODE = YES;
				CLANG_WARN__DUPLICATE_METHOD_MATCH = YES;
				COPY_PHASE_STRIP = NO;
				DEBUG_INFORMATION_FORMAT = "dwarf-with-dsym";
				DEVELOPMENT_TEAM = 6LYUN3ZU6G;
				ENABLE_NS_ASSERTIONS = NO;
				ENABLE_STRICT_OBJC_MSGSEND = YES;
				ENABLE_USER_SCRIPT_SANDBOXING = YES;
				GCC_C_LANGUAGE_STANDARD = gnu17;
				GCC_NO_COMMON_BLOCKS = YES;
				GCC_WARN_64_TO_32_BIT_CONVERSION = YES;
				GCC_WARN_ABOUT_RETURN_TYPE = YES_ERROR;
				GCC_WARN_UNDECLARED_SELECTOR = YES;
				GCC_WARN_UNINITIALIZED_AUTOS = YES_AGGRESSIVE;
				GCC_WARN_UNUSED_FUNCTION = YES;
				GCC_WARN_UNUSED_VARIABLE = YES;
				IPHONEOS_DEPLOYMENT_TARGET = 18.4;
				LOCALIZATION_PREFERS_STRING_CATALOGS = YES;
				MTL_ENABLE_DEBUG_INFO = NO;
				MTL_FAST_MATH = YES;
				SDKROOT = iphoneos;
				SWIFT_COMPILATION_MODE = wholemodule;
				VALIDATE_PRODUCT = YES;
			};
			name = Release;
		};
		AC2E7CCB2DDBEDE2007F371C /* Debug */ = {
			isa = XCBuildConfiguration;
			buildSettings = {
				ASSETCATALOG_COMPILER_APPICON_NAME = AppIcon;
				ASSETCATALOG_COMPILER_GLOBAL_ACCENT_COLOR_NAME = AccentColor;
				CODE_SIGN_STYLE = Automatic;
				CURRENT_PROJECT_VERSION = 1;
				DEVELOPMENT_TEAM = 6LYUN3ZU6G;
				ENABLE_PREVIEWS = YES;
				GENERATE_INFOPLIST_FILE = YES;
				INFOPLIST_KEY_UIApplicationSceneManifest_Generation = YES;
				INFOPLIST_KEY_UIApplicationSupportsIndirectInputEvents = YES;
				INFOPLIST_KEY_UILaunchScreen_Generation = YES;
				INFOPLIST_KEY_UISupportedInterfaceOrientations_iPad = "UIInterfaceOrientationPortrait UIInterfaceOrientationPortraitUpsideDown UIInterfaceOrientationLandscapeLeft UIInterfaceOrientationLandscapeRight";
				INFOPLIST_KEY_UISupportedInterfaceOrientations_iPhone = "UIInterfaceOrientationPortrait UIInterfaceOrientationLandscapeLeft UIInterfaceOrientationLandscapeRight";
				LD_RUNPATH_SEARCH_PATHS = (
					"$(inherited)",
					"@executable_path/Frameworks",
				);
				MARKETING_VERSION = 1.0;
				PRODUCT_BUNDLE_IDENTIFIER = "com.mvonbehren.mvonbehr-final-project";
				PRODUCT_NAME = "$(TARGET_NAME)";
				SWIFT_EMIT_LOC_STRINGS = YES;
				SWIFT_VERSION = 5.0;
				TARGETED_DEVICE_FAMILY = "1,2";
			};
			name = Debug;
		};
		AC2E7CCC2DDBEDE2007F371C /* Release */ = {
			isa = XCBuildConfiguration;
			buildSettings = {
				ASSETCATALOG_COMPILER_APPICON_NAME = AppIcon;
				ASSETCATALOG_COMPILER_GLOBAL_ACCENT_COLOR_NAME = AccentColor;
				CODE_SIGN_STYLE = Automatic;
				CURRENT_PROJECT_VERSION = 1;
				DEVELOPMENT_TEAM = 6LYUN3ZU6G;
				ENABLE_PREVIEWS = YES;
				GENERATE_INFOPLIST_FILE = YES;
				INFOPLIST_KEY_UIApplicationSceneManifest_Generation = YES;
				INFOPLIST_KEY_UIApplicationSupportsIndirectInputEvents = YES;
				INFOPLIST_KEY_UILaunchScreen_Generation = YES;
				INFOPLIST_KEY_UISupportedInterfaceOrientations_iPad = "UIInterfaceOrientationPortrait UIInterfaceOrientationPortraitUpsideDown UIInterfaceOrientationLandscapeLeft UIInterfaceOrientationLandscapeRight";
				INFOPLIST_KEY_UISupportedInterfaceOrientations_iPhone = "UIInterfaceOrientationPortrait UIInterfaceOrientationLandscapeLeft UIInterfaceOrientationLandscapeRight";
				LD_RUNPATH_SEARCH_PATHS = (
					"$(inherited)",
					"@executable_path/Frameworks",
				);
				MARKETING_VERSION = 1.0;
				PRODUCT_BUNDLE_IDENTIFIER = "com.mvonbehren.mvonbehr-final-project";
				PRODUCT_NAME = "$(TARGET_NAME)";
				SWIFT_EMIT_LOC_STRINGS = YES;
				SWIFT_VERSION = 5.0;
				TARGETED_DEVICE_FAMILY = "1,2";
			};
			name = Release;
		};
		AC2E7CCE2DDBEDE2007F371C /* Debug */ = {
			isa = XCBuildConfiguration;
			buildSettings = {
				BUNDLE_LOADER = "$(TEST_HOST)";
				CODE_SIGN_STYLE = Automatic;
				CURRENT_PROJECT_VERSION = 1;
				DEVELOPMENT_TEAM = 6LYUN3ZU6G;
				GENERATE_INFOPLIST_FILE = YES;
				IPHONEOS_DEPLOYMENT_TARGET = 18.4;
				MARKETING_VERSION = 1.0;
				PRODUCT_BUNDLE_IDENTIFIER = "com.mvonbehren.mvonbehr-final-projectTests";
				PRODUCT_NAME = "$(TARGET_NAME)";
				SWIFT_EMIT_LOC_STRINGS = NO;
				SWIFT_VERSION = 5.0;
				TARGETED_DEVICE_FAMILY = "1,2";
				TEST_HOST = "$(BUILT_PRODUCTS_DIR)/mvonbehr-final-project.app/$(BUNDLE_EXECUTABLE_FOLDER_PATH)/mvonbehr-final-project";
			};
			name = Debug;
		};
		AC2E7CCF2DDBEDE2007F371C /* Release */ = {
			isa = XCBuildConfiguration;
			buildSettings = {
				BUNDLE_LOADER = "$(TEST_HOST)";
				CODE_SIGN_STYLE = Automatic;
				CURRENT_PROJECT_VERSION = 1;
				DEVELOPMENT_TEAM = 6LYUN3ZU6G;
				GENERATE_INFOPLIST_FILE = YES;
				IPHONEOS_DEPLOYMENT_TARGET = 18.4;
				MARKETING_VERSION = 1.0;
				PRODUCT_BUNDLE_IDENTIFIER = "com.mvonbehren.mvonbehr-final-projectTests";
				PRODUCT_NAME = "$(TARGET_NAME)";
				SWIFT_EMIT_LOC_STRINGS = NO;
				SWIFT_VERSION = 5.0;
				TARGETED_DEVICE_FAMILY = "1,2";
				TEST_HOST = "$(BUILT_PRODUCTS_DIR)/mvonbehr-final-project.app/$(BUNDLE_EXECUTABLE_FOLDER_PATH)/mvonbehr-final-project";
			};
			name = Release;
		};
		AC2E7CD12DDBEDE2007F371C /* Debug */ = {
			isa = XCBuildConfiguration;
			buildSettings = {
				CODE_SIGN_STYLE = Automatic;
				CURRENT_PROJECT_VERSION = 1;
				DEVELOPMENT_TEAM = 6LYUN3ZU6G;
				GENERATE_INFOPLIST_FILE = YES;
				MARKETING_VERSION = 1.0;
				PRODUCT_BUNDLE_IDENTIFIER = "com.mvonbehren.mvonbehr-final-projectUITests";
				PRODUCT_NAME = "$(TARGET_NAME)";
				SWIFT_EMIT_LOC_STRINGS = NO;
				SWIFT_VERSION = 5.0;
				TARGETED_DEVICE_FAMILY = "1,2";
				TEST_TARGET_NAME = "mvonbehr-final-project";
			};
			name = Debug;
		};
		AC2E7CD22DDBEDE2007F371C /* Release */ = {
			isa = XCBuildConfiguration;
			buildSettings = {
				CODE_SIGN_STYLE = Automatic;
				CURRENT_PROJECT_VERSION = 1;
				DEVELOPMENT_TEAM = 6LYUN3ZU6G;
				GENERATE_INFOPLIST_FILE = YES;
				MARKETING_VERSION = 1.0;
				PRODUCT_BUNDLE_IDENTIFIER = "com.mvonbehren.mvonbehr-final-projectUITests";
				PRODUCT_NAME = "$(TARGET_NAME)";
				SWIFT_EMIT_LOC_STRINGS = NO;
				SWIFT_VERSION = 5.0;
				TARGETED_DEVICE_FAMILY = "1,2";
				TEST_TARGET_NAME = "mvonbehr-final-project";
			};
			name = Release;
		};
/* End XCBuildConfiguration section */

/* Begin XCConfigurationList section */
		AC2E7CA42DDBEDE1007F371C /* Build configuration list for PBXProject "mvonbehr-final-project" */ = {
			isa = XCConfigurationList;
			buildConfigurations = (
				AC2E7CC82DDBEDE2007F371C /* Debug */,
				AC2E7CC92DDBEDE2007F371C /* Release */,
			);
			defaultConfigurationIsVisible = 0;
			defaultConfigurationName = Release;
		};
		AC2E7CCA2DDBEDE2007F371C /* Build configuration list for PBXNativeTarget "mvonbehr-final-project" */ = {
			isa = XCConfigurationList;
			buildConfigurations = (
				AC2E7CCB2DDBEDE2007F371C /* Debug */,
				AC2E7CCC2DDBEDE2007F371C /* Release */,
			);
			defaultConfigurationIsVisible = 0;
			defaultConfigurationName = Release;
		};
		AC2E7CCD2DDBEDE2007F371C /* Build configuration list for PBXNativeTarget "mvonbehr-final-projectTests" */ = {
			isa = XCConfigurationList;
			buildConfigurations = (
				AC2E7CCE2DDBEDE2007F371C /* Debug */,
				AC2E7CCF2DDBEDE2007F371C /* Release */,
			);
			defaultConfigurationIsVisible = 0;
			defaultConfigurationName = Release;
		};
		AC2E7CD02DDBEDE2007F371C /* Build configuration list for PBXNativeTarget "mvonbehr-final-projectUITests" */ = {
			isa = XCConfigurationList;
			buildConfigurations = (
				AC2E7CD12DDBEDE2007F371C /* Debug */,
				AC2E7CD22DDBEDE2007F371C /* Release */,
			);
			defaultConfigurationIsVisible = 0;
			defaultConfigurationName = Release;
		};
/* End XCConfigurationList section */
	};
	rootObject = AC2E7CA12DDBEDE1007F371C /* Project object */;
}
